// !$*UTF8*$!
{
	archiveVersion = 1;
	classes = {
	};
	objectVersion = 46;
	objects = {

/* Begin PBXBuildFile section */
		4EBAB0571DE788AD00F38B9C /* AppDelegate.swift in Sources */ = {isa = PBXBuildFile; fileRef = 4EBAB04F1DE788AD00F38B9C /* AppDelegate.swift */; };
		4EBAB0581DE788AD00F38B9C /* LaunchScreen.storyboard in Resources */ = {isa = PBXBuildFile; fileRef = 4EBAB0501DE788AD00F38B9C /* LaunchScreen.storyboard */; };
		4EBAB0591DE788AD00F38B9C /* Main.storyboard in Resources */ = {isa = PBXBuildFile; fileRef = 4EBAB0521DE788AD00F38B9C /* Main.storyboard */; };
		4EBAB05A1DE788AD00F38B9C /* Info.plist in Resources */ = {isa = PBXBuildFile; fileRef = 4EBAB0541DE788AD00F38B9C /* Info.plist */; };
		4EBAB05B1DE788AD00F38B9C /* Assets.xcassets in Resources */ = {isa = PBXBuildFile; fileRef = 4EBAB0561DE788AD00F38B9C /* Assets.xcassets */; };
/* End PBXBuildFile section */

/* Begin PBXFileReference section */
		4EBAB0361DE7875800F38B9C /* ComiX.app */ = {isa = PBXFileReference; explicitFileType = wrapper.application; includeInIndex = 0; path = ComiX.app; sourceTree = BUILT_PRODUCTS_DIR; };
		4EBAB04F1DE788AD00F38B9C /* AppDelegate.swift */ = {isa = PBXFileReference; fileEncoding = 4; lastKnownFileType = sourcecode.swift; path = AppDelegate.swift; sourceTree = "<group>"; };
		4EBAB0511DE788AD00F38B9C /* Base */ = {isa = PBXFileReference; lastKnownFileType = file.storyboard; name = Base; path = Base.lproj/LaunchScreen.storyboard; sourceTree = "<group>"; };
		4EBAB0531DE788AD00F38B9C /* Base */ = {isa = PBXFileReference; lastKnownFileType = file.storyboard; name = Base; path = Base.lproj/Main.storyboard; sourceTree = "<group>"; };
		4EBAB0541DE788AD00F38B9C /* Info.plist */ = {isa = PBXFileReference; fileEncoding = 4; lastKnownFileType = text.plist.xml; path = Info.plist; sourceTree = "<group>"; };
		4EBAB0561DE788AD00F38B9C /* Assets.xcassets */ = {isa = PBXFileReference; lastKnownFileType = folder.assetcatalog; path = Assets.xcassets; sourceTree = "<group>"; };
/* End PBXFileReference section */

/* Begin PBXFrameworksBuildPhase section */
		4EBAB0331DE7875800F38B9C /* Frameworks */ = {
			isa = PBXFrameworksBuildPhase;
			buildActionMask = 2147483647;
			files = (
			);
			runOnlyForDeploymentPostprocessing = 0;
		};
/* End PBXFrameworksBuildPhase section */

/* Begin PBXGroup section */
		4EBAB02D1DE7875800F38B9C = {
			isa = PBXGroup;
			children = (
				4EBAB0381DE7875800F38B9C /* ComiX */,
				4EBAB0371DE7875800F38B9C /* Products */,
			);
			sourceTree = "<group>";
		};
		4EBAB0371DE7875800F38B9C /* Products */ = {
			isa = PBXGroup;
			children = (
				4EBAB0361DE7875800F38B9C /* ComiX.app */,
			);
			name = Products;
			sourceTree = "<group>";
		};
		4EBAB0381DE7875800F38B9C /* ComiX */ = {
			isa = PBXGroup;
			children = (
				4EBAB05E1DE78A3F00F38B9C /* Controllers */,
				4EBAB05F1DE78A3F00F38B9C /* Managers */,
				4EBAB0601DE78A3F00F38B9C /* Models */,
				4EBAB04E1DE788AD00F38B9C /* Application */,
				4EBAB0551DE788AD00F38B9C /* Resources */,
			);
			path = ComiX;
			sourceTree = "<group>";
		};
		4EBAB04E1DE788AD00F38B9C /* Application */ = {
			isa = PBXGroup;
			children = (
				4EBAB04F1DE788AD00F38B9C /* AppDelegate.swift */,
				4EBAB0501DE788AD00F38B9C /* LaunchScreen.storyboard */,
				4EBAB0521DE788AD00F38B9C /* Main.storyboard */,
				4EBAB0541DE788AD00F38B9C /* Info.plist */,
			);
			path = Application;
			sourceTree = "<group>";
		};
		4EBAB0551DE788AD00F38B9C /* Resources */ = {
			isa = PBXGroup;
			children = (
				4EBAB0561DE788AD00F38B9C /* Assets.xcassets */,
			);
			path = Resources;
			sourceTree = "<group>";
		};
		4EBAB05E1DE78A3F00F38B9C /* Controllers */ = {
			isa = PBXGroup;
			children = (
			);
			path = Controllers;
			sourceTree = "<group>";
		};
		4EBAB05F1DE78A3F00F38B9C /* Managers */ = {
			isa = PBXGroup;
			children = (
			);
			path = Managers;
			sourceTree = "<group>";
		};
		4EBAB0601DE78A3F00F38B9C /* Models */ = {
			isa = PBXGroup;
			children = (
			);
			path = Models;
			sourceTree = "<group>";
		};
/* End PBXGroup section */

/* Begin PBXNativeTarget section */
		4EBAB0351DE7875800F38B9C /* ComiX */ = {
			isa = PBXNativeTarget;
			buildConfigurationList = 4EBAB0481DE7875800F38B9C /* Build configuration list for PBXNativeTarget "ComiX" */;
			buildPhases = (
				4EBAB0321DE7875800F38B9C /* Sources */,
				4EBAB0331DE7875800F38B9C /* Frameworks */,
				4EBAB0341DE7875800F38B9C /* Resources */,
			);
			buildRules = (
			);
			dependencies = (
			);
			name = ComiX;
			productName = ComiX;
			productReference = 4EBAB0361DE7875800F38B9C /* ComiX.app */;
			productType = "com.apple.product-type.application";
		};
/* End PBXNativeTarget section */

/* Begin PBXProject section */
		4EBAB02E1DE7875800F38B9C /* Project object */ = {
			isa = PBXProject;
			attributes = {
				LastSwiftUpdateCheck = 0800;
				LastUpgradeCheck = 0800;
				ORGANIZATIONNAME = "Alexis Borovik";
				TargetAttributes = {
					4EBAB0351DE7875800F38B9C = {
						CreatedOnToolsVersion = 8.0;
						ProvisioningStyle = Manual;
					};
				};
			};
			buildConfigurationList = 4EBAB0311DE7875800F38B9C /* Build configuration list for PBXProject "ComiX" */;
			compatibilityVersion = "Xcode 3.2";
			developmentRegion = English;
			hasScannedForEncodings = 0;
			knownRegions = (
				en,
				Base,
			);
			mainGroup = 4EBAB02D1DE7875800F38B9C;
			productRefGroup = 4EBAB0371DE7875800F38B9C /* Products */;
			projectDirPath = "";
			projectRoot = "";
			targets = (
				4EBAB0351DE7875800F38B9C /* ComiX */,
			);
		};
/* End PBXProject section */

/* Begin PBXResourcesBuildPhase section */
		4EBAB0341DE7875800F38B9C /* Resources */ = {
			isa = PBXResourcesBuildPhase;
			buildActionMask = 2147483647;
			files = (
				4EBAB0581DE788AD00F38B9C /* LaunchScreen.storyboard in Resources */,
				4EBAB05A1DE788AD00F38B9C /* Info.plist in Resources */,
				4EBAB05B1DE788AD00F38B9C /* Assets.xcassets in Resources */,
				4EBAB0591DE788AD00F38B9C /* Main.storyboard in Resources */,
			);
			runOnlyForDeploymentPostprocessing = 0;
		};
/* End PBXResourcesBuildPhase section */

/* Begin PBXSourcesBuildPhase section */
		4EBAB0321DE7875800F38B9C /* Sources */ = {
			isa = PBXSourcesBuildPhase;
			buildActionMask = 2147483647;
			files = (
				4EBAB0571DE788AD00F38B9C /* AppDelegate.swift in Sources */,
			);
			runOnlyForDeploymentPostprocessing = 0;
		};
/* End PBXSourcesBuildPhase section */

/* Begin PBXVariantGroup section */
		4EBAB0501DE788AD00F38B9C /* LaunchScreen.storyboard */ = {
			isa = PBXVariantGroup;
			children = (
				4EBAB0511DE788AD00F38B9C /* Base */,
			);
			name = LaunchScreen.storyboard;
			sourceTree = "<group>";
		};
		4EBAB0521DE788AD00F38B9C /* Main.storyboard */ = {
			isa = PBXVariantGroup;
			children = (
				4EBAB0531DE788AD00F38B9C /* Base */,
			);
			name = Main.storyboard;
			sourceTree = "<group>";
		};
/* End PBXVariantGroup section */

/* Begin XCBuildConfiguration section */
		4EBAB0461DE7875800F38B9C /* Debug */ = {
			isa = XCBuildConfiguration;
			buildSettings = {
				ALWAYS_SEARCH_USER_PATHS = NO;
				CLANG_ANALYZER_NONNULL = YES;
				CLANG_CXX_LANGUAGE_STANDARD = "gnu++0x";
				CLANG_CXX_LIBRARY = "libc++";
				CLANG_ENABLE_MODULES = YES;
				CLANG_ENABLE_OBJC_ARC = YES;
				CLANG_WARN_BOOL_CONVERSION = YES;
				CLANG_WARN_CONSTANT_CONVERSION = YES;
				CLANG_WARN_DIRECT_OBJC_ISA_USAGE = YES_ERROR;
				CLANG_WARN_DOCUMENTATION_COMMENTS = YES;
				CLANG_WARN_EMPTY_BODY = YES;
				CLANG_WARN_ENUM_CONVERSION = YES;
				CLANG_WARN_INFINITE_RECURSION = YES;
				CLANG_WARN_INT_CONVERSION = YES;
				CLANG_WARN_OBJC_ROOT_CLASS = YES_ERROR;
				CLANG_WARN_SUSPICIOUS_MOVES = YES;
				CLANG_WARN_UNREACHABLE_CODE = YES;
				CLANG_WARN__DUPLICATE_METHOD_MATCH = YES;
				"CODE_SIGN_IDENTITY[sdk=iphoneos*]" = "iPhone Developer";
				COPY_PHASE_STRIP = NO;
				DEBUG_INFORMATION_FORMAT = dwarf;
				ENABLE_STRICT_OBJC_MSGSEND = YES;
				ENABLE_TESTABILITY = YES;
				GCC_C_LANGUAGE_STANDARD = gnu99;
				GCC_DYNAMIC_NO_PIC = NO;
				GCC_NO_COMMON_BLOCKS = YES;
				GCC_OPTIMIZATION_LEVEL = 0;
				GCC_PREPROCESSOR_DEFINITIONS = (
					"DEBUG=1",
					"$(inherited)",
				);
				GCC_WARN_64_TO_32_BIT_CONVERSION = YES;
				GCC_WARN_ABOUT_RETURN_TYPE = YES_ERROR;
				GCC_WARN_UNDECLARED_SELECTOR = YES;
				GCC_WARN_UNINITIALIZED_AUTOS = YES_AGGRESSIVE;
				GCC_WARN_UNUSED_FUNCTION = YES;
				GCC_WARN_UNUSED_VARIABLE = YES;
				IPHONEOS_DEPLOYMENT_TARGET = 10.0;
				MTL_ENABLE_DEBUG_INFO = YES;
				ONLY_ACTIVE_ARCH = YES;
				SDKROOT = iphoneos;
				SWIFT_ACTIVE_COMPILATION_CONDITIONS = DEBUG;
				SWIFT_OPTIMIZATION_LEVEL = "-Onone";
				TARGETED_DEVICE_FAMILY = "1,2";
			};
			name = Debug;
		};
		4EBAB0471DE7875800F38B9C /* Release */ = {
			isa = XCBuildConfiguration;
			buildSettings = {
				ALWAYS_SEARCH_USER_PATHS = NO;
				CLANG_ANALYZER_NONNULL = YES;
				CLANG_CXX_LANGUAGE_STANDARD = "gnu++0x";
				CLANG_CXX_LIBRARY = "libc++";
				CLANG_ENABLE_MODULES = YES;
				CLANG_ENABLE_OBJC_ARC = YES;
				CLANG_WARN_BOOL_CONVERSION = YES;
				CLANG_WARN_CONSTANT_CONVERSION = YES;
				CLANG_WARN_DIRECT_OBJC_ISA_USAGE = YES_ERROR;
				CLANG_WARN_DOCUMENTATION_COMMENTS = YES;
				CLANG_WARN_EMPTY_BODY = YES;
				CLANG_WARN_ENUM_CONVERSION = YES;
				CLANG_WARN_INFINITE_RECURSION = YES;
				CLANG_WARN_INT_CONVERSION = YES;
				CLANG_WARN_OBJC_ROOT_CLASS = YES_ERROR;
				CLANG_WARN_SUSPICIOUS_MOVES = YES;
				CLANG_WARN_UNREACHABLE_CODE = YES;
				CLANG_WARN__DUPLICATE_METHOD_MATCH = YES;
				"CODE_SIGN_IDENTITY[sdk=iphoneos*]" = "iPhone Developer";
				COPY_PHASE_STRIP = NO;
				DEBUG_INFORMATION_FORMAT = "dwarf-with-dsym";
				ENABLE_NS_ASSERTIONS = NO;
				ENABLE_STRICT_OBJC_MSGSEND = YES;
				GCC_C_LANGUAGE_STANDARD = gnu99;
				GCC_NO_COMMON_BLOCKS = YES;
				GCC_WARN_64_TO_32_BIT_CONVERSION = YES;
				GCC_WARN_ABOUT_RETURN_TYPE = YES_ERROR;
				GCC_WARN_UNDECLARED_SELECTOR = YES;
				GCC_WARN_UNINITIALIZED_AUTOS = YES_AGGRESSIVE;
				GCC_WARN_UNUSED_FUNCTION = YES;
				GCC_WARN_UNUSED_VARIABLE = YES;
				IPHONEOS_DEPLOYMENT_TARGET = 10.0;
				MTL_ENABLE_DEBUG_INFO = NO;
				SDKROOT = iphoneos;
				SWIFT_OPTIMIZATION_LEVEL = "-Owholemodule";
				TARGETED_DEVICE_FAMILY = "1,2";
				VALIDATE_PRODUCT = YES;
			};
			name = Release;
		};
		4EBAB0491DE7875800F38B9C /* Debug */ = {
			isa = XCBuildConfiguration;
			buildSettings = {
				ASSETCATALOG_COMPILER_APPICON_NAME = AppIcon;
				DEVELOPMENT_TEAM = "";
				INFOPLIST_FILE = ComiX/Application/Info.plist;
				LD_RUNPATH_SEARCH_PATHS = "$(inherited) @executable_path/Frameworks";
				PRODUCT_BUNDLE_IDENTIFIER = alexis.borovik.ComiX;
				PRODUCT_NAME = "$(TARGET_NAME)";
				SWIFT_VERSION = 3.0;
			};
			name = Debug;
		};
		4EBAB04A1DE7875800F38B9C /* Release */ = {
			isa = XCBuildConfiguration;
			buildSettings = {
				ASSETCATALOG_COMPILER_APPICON_NAME = AppIcon;
				DEVELOPMENT_TEAM = "";
				INFOPLIST_FILE = ComiX/Application/Info.plist;
				LD_RUNPATH_SEARCH_PATHS = "$(inherited) @executable_path/Frameworks";
				PRODUCT_BUNDLE_IDENTIFIER = alexis.borovik.ComiX;
				PRODUCT_NAME = "$(TARGET_NAME)";
				SWIFT_VERSION = 3.0;
			};
			name = Release;
		};
/* End XCBuildConfiguration section */

/* Begin XCConfigurationList section */
		4EBAB0311DE7875800F38B9C /* Build configuration list for PBXProject "ComiX" */ = {
			isa = XCConfigurationList;
			buildConfigurations = (
				4EBAB0461DE7875800F38B9C /* Debug */,
				4EBAB0471DE7875800F38B9C /* Release */,
			);
			defaultConfigurationIsVisible = 0;
			defaultConfigurationName = Release;
		};
		4EBAB0481DE7875800F38B9C /* Build configuration list for PBXNativeTarget "ComiX" */ = {
			isa = XCConfigurationList;
			buildConfigurations = (
				4EBAB0491DE7875800F38B9C /* Debug */,
				4EBAB04A1DE7875800F38B9C /* Release */,
			);
			defaultConfigurationIsVisible = 0;
		};
/* End XCConfigurationList section */
	};
	rootObject = 4EBAB02E1DE7875800F38B9C /* Project object */;
}
